<?xml version="1.0" encoding="UTF-8" standalone="yes" ?>
<CodeBlocks_project_file>
	<FileVersion major="1" minor="6" />
	<Project>
		<Option title="Game" />
		<Option pch_mode="2" />
		<Option compiler="mingw64" />
		<Build>
			<Target title="Debug">
				<Option output="bin/Debug/Game" prefix_auto="1" extension_auto="1" />
				<Option object_output="obj/Debug/" />
				<Option type="1" />
				<Option compiler="mingw64" />
				<Compiler>
					<Add option="-pg" />
					<Add option="-g" />
				</Compiler>
				<Linker>
					<Add option="-pg -lgmon" />
				</Linker>
			</Target>
			<Target title="Release">
				<Option output="bin/Release/Game" prefix_auto="1" extension_auto="1" />
				<Option object_output="obj/Release/" />
				<Option type="1" />
				<Option compiler="mingw64" />
				<Compiler>
					<Add option="-fexpensive-optimizations" />
					<Add option="-Ofast" />
				</Compiler>
				<Linker>
					<Add option="-s" />
				</Linker>
			</Target>
			<Target title="Profiling">
				<Option output="bin/Profiling/Game" prefix_auto="1" extension_auto="1" />
				<Option object_output="obj/Profiling/" />
				<Option type="1" />
				<Option compiler="mingw64" />
				<Compiler>
					<Add option="-pg" />
					<Add option="-g" />
					<Add option="-DPROFILING" />
				</Compiler>
				<Linker>
					<Add option="-pg -lgmon" />
				</Linker>
			</Target>
		</Build>
		<Compiler>
			<Add option="-Wall" />
			<Add option="-fexceptions" />
			<Add option="-Wformat" />
			<Add option="-Wformat-security" />
			<Add option="-std=gnu++11" />
			<Add option="-DCL_USE_DEPRECATED_OPENCL_1_1_APIS" />
			<Add option="-DGLEW_BUILD" />
			<Add option="-DRIFT" />
		</Compiler>
		<Linker>
			<Add option="-lport" />
			<Add option="-lmingw32" />
			<Add option="-lsfml-graphics" />
			<Add option="-lsfml-audio" />
			<Add option="-lsfml-network" />
			<Add option="-lsfml-window" />
			<Add option="-lsfml-system" />
			<Add option="-luser32" />
			<Add option="-lopengl32" />
			<Add option="-lopencl" />
			<Add option="-lglew64.dll" />
			<Add option="-ldbghelp" />
			<Add option="-lwinmm" />
			<Add option="-lgdi32" />
			<Add option="-ldxguid" />
			<Add option="-lsetupapi" />
			<Add option="-lws2_32" />
			<Add option="-lole32" />
			<Add option="-ladvapi32" />
			<Add option="-lversion" />
		</Linker>
		<Unit filename="../cl2.cl" />
		<Unit filename="../cloud_gen/cloud_gen.cpp" />
		<Unit filename="../cloud_gen/cloud_gen.hpp" />
		<Unit filename="../clstate.cpp" />
		<Unit filename="../clstate.h" />
		<Unit filename="../engine.cpp" />
		<Unit filename="../engine.hpp" />
		<Unit filename="../hologram.cpp" />
		<Unit filename="../hologram.hpp" />
		<Unit filename="../interact_manager.cpp" />
		<Unit filename="../interact_manager.hpp" />
		<Unit filename="../light.cpp" />
		<Unit filename="../light.hpp" />
		<Unit filename="../obj_g_descriptor.hpp" />
		<Unit filename="../obj_info_struct.cpp" />
		<Unit filename="../obj_info_struct.hpp" />
		<Unit filename="../obj_load.cpp" />
		<Unit filename="../obj_load.hpp" />
		<Unit filename="../obj_mem_manager.cpp" />
		<Unit filename="../obj_mem_manager.hpp" />
		<Unit filename="../object.cpp" />
		<Unit filename="../object.hpp" />
		<Unit filename="../objects_container.cpp" />
		<Unit filename="../objects_container.hpp" />
		<Unit filename="../ocl.h" />
		<Unit filename="../point_cloud.cpp" />
		<Unit filename="../point_cloud.hpp" />
		<Unit filename="../proj.hpp" />
		<Unit filename="../projectile_buffer_gen.cpp" />
		<Unit filename="../projectile_buffer_gen.hpp" />
		<Unit filename="../text_handler.cpp" />
		<Unit filename="../text_handler.hpp" />
		<Unit filename="../texture.cpp" />
		<Unit filename="../texture.hpp" />
		<Unit filename="../texture_manager.cpp" />
		<Unit filename="../texture_manager.hpp" />
		<Unit filename="../triangle.cpp" />
		<Unit filename="../triangle.hpp" />
		<Unit filename="../ui_manager.cpp" />
		<Unit filename="../ui_manager.hpp" />
		<Unit filename="../vec.hpp" />
		<Unit filename="../vertex.cpp" />
		<Unit filename="../vertex.hpp" />
		<Unit filename="Asteroid/asteroid_gen.cpp" />
		<Unit filename="Asteroid/asteroid_gen.hpp" />
		<Unit filename="Galaxy/galaxy.cpp" />
		<Unit filename="Galaxy/galaxy.hpp" />
		<Unit filename="Solar_object/solar.cpp" />
		<Unit filename="Solar_object/solar.hpp" />
		<Unit filename="Space_game/main.cpp" />
		<Unit filename="collision.cpp" />
		<Unit filename="collision.hpp" />
		<Unit filename="game_manager.cpp" />
		<Unit filename="game_manager.hpp" />
		<Unit filename="game_object.cpp" />
		<Unit filename="game_object.hpp" />
		<Unit filename="newtonian_body.cpp" />
		<Unit filename="newtonian_body.hpp" />
		<Unit filename="projectile.cpp" />
		<Unit filename="projectile.hpp" />
		<Unit filename="ship.cpp" />
		<Unit filename="ship.hpp" />
		<Unit filename="space_dust.cpp" />
		<Unit filename="space_dust.hpp" />
		<Unit filename="space_manager.cpp" />
		<Unit filename="space_manager.hpp" />
		<Extensions>
			<code_completion />
			<envvars />
			<debugger />
			<lib_finder disable_auto="1" />
			<AutoVersioning>
				<Scheme minor_max="10" build_max="0" rev_max="0" rev_rand_max="10" build_times_to_increment_minor="10" />
				<Settings autoincrement="1" date_declarations="1" use_define="0" update_manifest="1" do_auto_increment="1" ask_to_increment="0" language="C++" svn="0" svn_directory="" header_path="version.hpp" />
				<Changes_Log show_changes_editor="0" app_title="released version %M.%m.%b of %p" changeslog_path="ChangesLog.txt" />
				<Code header_guard="VERSION_H" namespace="AutoVersion" prefix="" />
			</AutoVersioning>
		</Extensions>
	</Project>
</CodeBlocks_project_file>
